
Microsoft Visual Studio Solution File, Format Version 12.00
# Visual Studio 15
VisualStudioVersion = 15.0.28307.329
MinimumVisualStudioVersion = 10.0.40219.1
Project("{FAE04EC0-301F-11D3-BF4B-00C04F79EFBC}") = "NetCoreAPISqlLite", "NetCoreAPISqlLite\NetCoreAPISqlLite.csproj", "{07777E61-157C-4C32-937A-FD51BF9D29BD}"
EndProject
Global
	GlobalSection(SolutionConfigurationPlatforms) = preSolution
		Debug|Any CPU = Debug|Any CPU
		Release|Any CPU = Release|Any CPU
	EndGlobalSection
	GlobalSection(ProjectConfigurationPlatforms) = postSolution
		{07777E61-157C-4C32-937A-FD51BF9D29BD}.Debug|Any CPU.ActiveCfg = Debug|Any CPU
		{07777E61-157C-4C32-937A-FD51BF9D29BD}.Debug|Any CPU.Build.0 = Debug|Any CPU
		{07777E61-157C-4C32-937A-FD51BF9D29BD}.Release|Any CPU.ActiveCfg = Release|Any CPU
		{07777E61-157C-4C32-937A-FD51BF9D29BD}.Release|Any CPU.Build.0 = Release|Any CPU
	EndGlobalSection
	GlobalSection(SolutionProperties) = preSolution
		HideSolutionNode = FALSE
	EndGlobalSection
	GlobalSection(ExtensibilityGlobals) = postSolution
		SolutionGuid = {003F1B57-B704-4871-8D47-A3F4509888D4}
	EndGlobalSection
EndGlobal
